<?xml version="1.0" encoding="UTF-8" standalone="yes" ?>
<CodeBlocks_project_file>
	<FileVersion major="1" minor="6" />
	<Project>
		<Option title="NBuilder" />
		<Option pch_mode="2" />
		<Option compiler="gcc" />
		<Build>
			<Target title="debug">
				<Option output="debug/NBuilder" prefix_auto="1" extension_auto="1" />
				<Option object_output="debug/" />
				<Option type="1" />
				<Option compiler="gcc" />
				<Compiler>
					<Add option="-g" />
					<Add option="-Wa,-mbig-obj" />
					<Add option="-D_GLIBCXX_DEBUG_PEDANTIC" />
					<Add option="-DYB_DLL" />
					<Add option="-DYF_DLL" />
				</Compiler>
				<Linker>
					<Add library="YFrameworkd" />
					<Add library="YBased" />
				</Linker>
			</Target>
			<Target title="release">
				<Option output="release/NBuilder" prefix_auto="1" extension_auto="1" />
				<Option object_output="release/" />
				<Option type="1" />
				<Option compiler="gcc" />
				<Compiler>
					<Add option="-fomit-frame-pointer" />
					<Add option="-fexpensive-optimizations" />
					<Add option="-O3" />
					<Add option="-fno-enforce-eh-specs" />
					<Add option="-flto=jobserver" />
					<Add option="-DNDEBUG" />
					<Add option="-DYB_DLL" />
					<Add option="-DYF_DLL" />
				</Compiler>
				<Linker>
					<Add option="-s" />
					<Add option="-flto=jobserver" />
					<Add option="-Wl,-allow-multiple-definition" />
					<Add library="YFramework" />
					<Add library="YBase" />
				</Linker>
			</Target>
		</Build>
		<Compiler>
			<Add option="-Wnon-virtual-dtor" />
			<Add option="-Wshadow" />
			<Add option="-Wredundant-decls" />
			<Add option="-Wcast-align" />
			<Add option="-Wfloat-equal" />
			<Add option="-Wmissing-declarations" />
			<Add option="-pedantic-errors" />
			<Add option="-Wextra" />
			<Add option="-Wall" />
			<Add option="-fnew-inheriting-ctors" />
			<Add option="-fno-strong-eval-order" />
			<Add option="-std=c++11" />
			<Add option="-pipe" />
			<Add option="-Wctor-dtor-privacy" />
			<Add option="-Wconditionally-supported" />
			<Add option="-Wdeprecated" />
			<Add option="-Wdeprecated-declarations" />
			<Add option="-Wdouble-promotion" />
			<Add option="-Wformat=2" />
			<Add option="-Wno-format-nonliteral" />
			<Add option="-Winvalid-pch" />
			<Add option="-Wlogical-op" />
			<Add option="-Wno-mismatched-tags" />
			<Add option="-Wmissing-include-dirs" />
			<Add option="-Wmultichar" />
			<Add option="-Wno-noexcept-type" />
			<Add option="-Woverloaded-virtual" />
			<Add option="-Wpacked" />
			<Add option="-Wsign-conversion" />
			<Add option="-Wsign-promo" />
			<Add option="-Wstrict-null-sentinel" />
			<Add option="-Wstringop-overflow=0" />
			<Add option="-Wsuggest-attribute=const" />
			<Add option="-Wsuggest-attribute=noreturn" />
			<Add option="-Wsuggest-attribute=pure" />
			<Add option="-Wsuggest-final-methods" />
			<Add option="-Wsuggest-final-types" />
			<Add option="-Wtrampolines" />
			<Add option="-Wzero-as-null-pointer-constant" />
			<Add option="-mthreads" />
			<Add option="-U__GXX_TYPEINFO_EQUALITY_INLINE" />
			<Add option="-U__GXX_MERGED_TYPEINFO_NAMES" />
			<Add option="-D__GXX_TYPEINFO_EQUALITY_INLINE=1" />
			<Add option="-D__GXX_MERGED_TYPEINFO_NAMES=0" />
		</Compiler>
		<Linker>
			<Add option="-pipe" />
			<Add option="-Wl,--gc-sections" />
		</Linker>
		<Unit filename="Interpreter.cpp" />
		<Unit filename="Interpreter.h" />
		<Unit filename="NBuilder.cpp" />
		<Unit filename="NBuilder.h" />
		<Unit filename="NPLContext.cpp" />
		<Unit filename="NPLContext.h" />
		<Extensions>
			<code_completion />
			<envvars />
			<debugger />
			<lib_finder disable_auto="1" />
			<DoxyBlocks>
				<comment_style block="1" line="1" />
				<doxyfile_project />
				<doxyfile_build />
				<doxyfile_warnings />
				<doxyfile_output />
				<doxyfile_dot />
				<general />
			</DoxyBlocks>
		</Extensions>
	</Project>
</CodeBlocks_project_file>
